
Microsoft Visual Studio Solution File, Format Version 12.00
# Visual Studio Version 17
VisualStudioVersion = 17.0.31919.166
MinimumVisualStudioVersion = 10.0.40219.1
Project("{2150E333-8FDC-42A3-9474-1A3956D46DE8}") = "src", "src", "{EF4C9467-F3D2-4210-B8BC-FD0EA032DCDC}"
EndProject
Project("{2150E333-8FDC-42A3-9474-1A3956D46DE8}") = "Api", "Api", "{00BA2698-98D9-475A-989D-AFF7893A1E2F}"
EndProject
Project("{2150E333-8FDC-42A3-9474-1A3956D46DE8}") = "Clients", "Clients", "{D2FC3A82-B5AF-4623-9BF3-E3DCE50FA72E}"
EndProject
Project("{2150E333-8FDC-42A3-9474-1A3956D46DE8}") = "Common", "Common", "{EA88BB6C-BAC3-46FF-AB95-15ED38D7854B}"
EndProject
Project("{2150E333-8FDC-42A3-9474-1A3956D46DE8}") = "Projections", "Projections", "{797AC266-4C15-48CB-A7E4-A6722B5C0711}"
EndProject
Project("{2150E333-8FDC-42A3-9474-1A3956D46DE8}") = "Core", "Core", "{50D68902-E8F1-4F86-A59B-E073664C59E9}"
EndProject
Project("{2150E333-8FDC-42A3-9474-1A3956D46DE8}") = "Infastructure", "Infastructure", "{EC9D4337-9E16-41D4-94C3-81C524F03272}"
EndProject
Project("{2150E333-8FDC-42A3-9474-1A3956D46DE8}") = "WebApi", "WebApi", "{174C5E44-B589-4967-9503-8040652EC9E4}"
EndProject
Project("{2150E333-8FDC-42A3-9474-1A3956D46DE8}") = "BlazorWeb", "BlazorWeb", "{1EAACF41-078E-44F8-95D4-6E64A6357635}"
EndProject
Project("{FAE04EC0-301F-11D3-BF4B-00C04F79EFBC}") = "BlazorSozluk.Common", "Common\BlazorSozluk.Common\BlazorSozluk.Common.csproj", "{9EB9B02F-60B9-488E-86D7-1AB39E7605EF}"
EndProject
Project("{FAE04EC0-301F-11D3-BF4B-00C04F79EFBC}") = "BlazorSozluk.Api.Domain", "Api\Core\BlazorSozluk.Api.Domain\BlazorSozluk.Api.Domain.csproj", "{5CB23C5D-0D09-43B6-9D11-F77EFEC1144F}"
EndProject
Project("{FAE04EC0-301F-11D3-BF4B-00C04F79EFBC}") = "BlazorSozluk.Application", "Api\Core\BlazorSozluk.Application\BlazorSozluk.Application.csproj", "{C4FC0053-8DDC-46D9-8ADC-D4DD2B1C38DD}"
EndProject
Project("{FAE04EC0-301F-11D3-BF4B-00C04F79EFBC}") = "BlazorSozluk.InfastructurePersistance", "Api\Infastructure\BlazorSozluk.InfastructurePersistance\BlazorSozluk.InfastructurePersistance.csproj", "{A0A2A547-C7CC-4E0B-8C2F-495FB5D574C8}"
EndProject
Project("{FAE04EC0-301F-11D3-BF4B-00C04F79EFBC}") = "BlazorSozluk.WebApi", "Api\WebApi\BlazorSozluk.WebApi\BlazorSozluk.WebApi.csproj", "{EBF26A37-E7CF-481C-9769-B1CE5015C85A}"
EndProject
Project("{FAE04EC0-301F-11D3-BF4B-00C04F79EFBC}") = "BlazorSozluk.Projections.FavoriteService", "Projections\BlazorSozluk.Projections.FavoriteService\BlazorSozluk.Projections.FavoriteService.csproj", "{67F88A59-16F3-4DD9-A888-5675DEA4D96D}"
EndProject
Project("{FAE04EC0-301F-11D3-BF4B-00C04F79EFBC}") = "BlazorSozluk.Projections.UsersService", "Projections\BlazorSozluk.Projections.Users\BlazorSozluk.Projections.UsersService.csproj", "{CD3E09B3-0FAB-4520-A459-CADCE8788930}"
EndProject
Project("{FAE04EC0-301F-11D3-BF4B-00C04F79EFBC}") = "BlazorSozluk.Projections.VoteService", "Projections\BlazorSozluk.Projections.VoteService\BlazorSozluk.Projections.VoteService.csproj", "{CAB558E4-5116-49BA-BC5C-624DC5CEFC22}"
EndProject
Project("{FAE04EC0-301F-11D3-BF4B-00C04F79EFBC}") = "BlazorSozluk.WebApp", "Clients\BlazorWeb\BlazorSozluk.WebApp\BlazorSozluk.WebApp.csproj", "{91DDD57E-AB91-4C83-B28B-F519A5305B5B}"
EndProject
Global
	GlobalSection(SolutionConfigurationPlatforms) = preSolution
		Debug|Any CPU = Debug|Any CPU
		Release|Any CPU = Release|Any CPU
	EndGlobalSection
	GlobalSection(ProjectConfigurationPlatforms) = postSolution
		{9EB9B02F-60B9-488E-86D7-1AB39E7605EF}.Debug|Any CPU.ActiveCfg = Debug|Any CPU
		{9EB9B02F-60B9-488E-86D7-1AB39E7605EF}.Debug|Any CPU.Build.0 = Debug|Any CPU
		{9EB9B02F-60B9-488E-86D7-1AB39E7605EF}.Release|Any CPU.ActiveCfg = Release|Any CPU
		{9EB9B02F-60B9-488E-86D7-1AB39E7605EF}.Release|Any CPU.Build.0 = Release|Any CPU
		{5CB23C5D-0D09-43B6-9D11-F77EFEC1144F}.Debug|Any CPU.ActiveCfg = Debug|Any CPU
		{5CB23C5D-0D09-43B6-9D11-F77EFEC1144F}.Debug|Any CPU.Build.0 = Debug|Any CPU
		{5CB23C5D-0D09-43B6-9D11-F77EFEC1144F}.Release|Any CPU.ActiveCfg = Release|Any CPU
		{5CB23C5D-0D09-43B6-9D11-F77EFEC1144F}.Release|Any CPU.Build.0 = Release|Any CPU
		{C4FC0053-8DDC-46D9-8ADC-D4DD2B1C38DD}.Debug|Any CPU.ActiveCfg = Debug|Any CPU
		{C4FC0053-8DDC-46D9-8ADC-D4DD2B1C38DD}.Debug|Any CPU.Build.0 = Debug|Any CPU
		{C4FC0053-8DDC-46D9-8ADC-D4DD2B1C38DD}.Release|Any CPU.ActiveCfg = Release|Any CPU
		{C4FC0053-8DDC-46D9-8ADC-D4DD2B1C38DD}.Release|Any CPU.Build.0 = Release|Any CPU
		{A0A2A547-C7CC-4E0B-8C2F-495FB5D574C8}.Debug|Any CPU.ActiveCfg = Debug|Any CPU
		{A0A2A547-C7CC-4E0B-8C2F-495FB5D574C8}.Debug|Any CPU.Build.0 = Debug|Any CPU
		{A0A2A547-C7CC-4E0B-8C2F-495FB5D574C8}.Release|Any CPU.ActiveCfg = Release|Any CPU
		{A0A2A547-C7CC-4E0B-8C2F-495FB5D574C8}.Release|Any CPU.Build.0 = Release|Any CPU
		{EBF26A37-E7CF-481C-9769-B1CE5015C85A}.Debug|Any CPU.ActiveCfg = Debug|Any CPU
		{EBF26A37-E7CF-481C-9769-B1CE5015C85A}.Debug|Any CPU.Build.0 = Debug|Any CPU
		{EBF26A37-E7CF-481C-9769-B1CE5015C85A}.Release|Any CPU.ActiveCfg = Release|Any CPU
		{EBF26A37-E7CF-481C-9769-B1CE5015C85A}.Release|Any CPU.Build.0 = Release|Any CPU
		{67F88A59-16F3-4DD9-A888-5675DEA4D96D}.Debug|Any CPU.ActiveCfg = Debug|Any CPU
		{67F88A59-16F3-4DD9-A888-5675DEA4D96D}.Debug|Any CPU.Build.0 = Debug|Any CPU
		{67F88A59-16F3-4DD9-A888-5675DEA4D96D}.Release|Any CPU.ActiveCfg = Release|Any CPU
		{67F88A59-16F3-4DD9-A888-5675DEA4D96D}.Release|Any CPU.Build.0 = Release|Any CPU
		{CD3E09B3-0FAB-4520-A459-CADCE8788930}.Debug|Any CPU.ActiveCfg = Debug|Any CPU
		{CD3E09B3-0FAB-4520-A459-CADCE8788930}.Debug|Any CPU.Build.0 = Debug|Any CPU
		{CD3E09B3-0FAB-4520-A459-CADCE8788930}.Release|Any CPU.ActiveCfg = Release|Any CPU
		{CD3E09B3-0FAB-4520-A459-CADCE8788930}.Release|Any CPU.Build.0 = Release|Any CPU
		{CAB558E4-5116-49BA-BC5C-624DC5CEFC22}.Debug|Any CPU.ActiveCfg = Debug|Any CPU
		{CAB558E4-5116-49BA-BC5C-624DC5CEFC22}.Debug|Any CPU.Build.0 = Debug|Any CPU
		{CAB558E4-5116-49BA-BC5C-624DC5CEFC22}.Release|Any CPU.ActiveCfg = Release|Any CPU
		{CAB558E4-5116-49BA-BC5C-624DC5CEFC22}.Release|Any CPU.Build.0 = Release|Any CPU
		{91DDD57E-AB91-4C83-B28B-F519A5305B5B}.Debug|Any CPU.ActiveCfg = Debug|Any CPU
		{91DDD57E-AB91-4C83-B28B-F519A5305B5B}.Debug|Any CPU.Build.0 = Debug|Any CPU
		{91DDD57E-AB91-4C83-B28B-F519A5305B5B}.Release|Any CPU.ActiveCfg = Release|Any CPU
		{91DDD57E-AB91-4C83-B28B-F519A5305B5B}.Release|Any CPU.Build.0 = Release|Any CPU
	EndGlobalSection
	GlobalSection(SolutionProperties) = preSolution
		HideSolutionNode = FALSE
	EndGlobalSection
	GlobalSection(NestedProjects) = preSolution
		{00BA2698-98D9-475A-989D-AFF7893A1E2F} = {EF4C9467-F3D2-4210-B8BC-FD0EA032DCDC}
		{D2FC3A82-B5AF-4623-9BF3-E3DCE50FA72E} = {EF4C9467-F3D2-4210-B8BC-FD0EA032DCDC}
		{EA88BB6C-BAC3-46FF-AB95-15ED38D7854B} = {EF4C9467-F3D2-4210-B8BC-FD0EA032DCDC}
		{797AC266-4C15-48CB-A7E4-A6722B5C0711} = {EF4C9467-F3D2-4210-B8BC-FD0EA032DCDC}
		{50D68902-E8F1-4F86-A59B-E073664C59E9} = {00BA2698-98D9-475A-989D-AFF7893A1E2F}
		{EC9D4337-9E16-41D4-94C3-81C524F03272} = {00BA2698-98D9-475A-989D-AFF7893A1E2F}
		{174C5E44-B589-4967-9503-8040652EC9E4} = {00BA2698-98D9-475A-989D-AFF7893A1E2F}
		{1EAACF41-078E-44F8-95D4-6E64A6357635} = {D2FC3A82-B5AF-4623-9BF3-E3DCE50FA72E}
		{9EB9B02F-60B9-488E-86D7-1AB39E7605EF} = {EA88BB6C-BAC3-46FF-AB95-15ED38D7854B}
		{5CB23C5D-0D09-43B6-9D11-F77EFEC1144F} = {50D68902-E8F1-4F86-A59B-E073664C59E9}
		{C4FC0053-8DDC-46D9-8ADC-D4DD2B1C38DD} = {50D68902-E8F1-4F86-A59B-E073664C59E9}
		{A0A2A547-C7CC-4E0B-8C2F-495FB5D574C8} = {EC9D4337-9E16-41D4-94C3-81C524F03272}
		{EBF26A37-E7CF-481C-9769-B1CE5015C85A} = {174C5E44-B589-4967-9503-8040652EC9E4}
		{67F88A59-16F3-4DD9-A888-5675DEA4D96D} = {797AC266-4C15-48CB-A7E4-A6722B5C0711}
		{CD3E09B3-0FAB-4520-A459-CADCE8788930} = {797AC266-4C15-48CB-A7E4-A6722B5C0711}
		{CAB558E4-5116-49BA-BC5C-624DC5CEFC22} = {797AC266-4C15-48CB-A7E4-A6722B5C0711}
		{91DDD57E-AB91-4C83-B28B-F519A5305B5B} = {1EAACF41-078E-44F8-95D4-6E64A6357635}
	EndGlobalSection
	GlobalSection(ExtensibilityGlobals) = postSolution
		SolutionGuid = {EF0A2724-255B-4DA6-96A2-B6D7FE75E6A0}
	EndGlobalSection
EndGlobal
